
Microsoft Visual Studio Solution File, Format Version 12.00
# Visual Studio 15
VisualStudioVersion = 15.0.28307.1433
MinimumVisualStudioVersion = 10.0.40219.1
Project("{FAE04EC0-301F-11D3-BF4B-00C04F79EFBC}") = "FlappyBird", "FlappyBird\FlappyBird.csproj", "{92B93391-6587-416D-B664-EF61648A3CFF}"
EndProject
Global
	GlobalSection(SolutionConfigurationPlatforms) = preSolution
		Debug|Any CPU = Debug|Any CPU
		Release|Any CPU = Release|Any CPU
	EndGlobalSection
	GlobalSection(ProjectConfigurationPlatforms) = postSolution
		{92B93391-6587-416D-B664-EF61648A3CFF}.Debug|Any CPU.ActiveCfg = Debug|Any CPU
		{92B93391-6587-416D-B664-EF61648A3CFF}.Debug|Any CPU.Build.0 = Debug|Any CPU
		{92B93391-6587-416D-B664-EF61648A3CFF}.Release|Any CPU.ActiveCfg = Release|Any CPU
		{92B93391-6587-416D-B664-EF61648A3CFF}.Release|Any CPU.Build.0 = Release|Any CPU
	EndGlobalSection
	GlobalSection(SolutionProperties) = preSolution
		HideSolutionNode = FALSE
	EndGlobalSection
	GlobalSection(ExtensibilityGlobals) = postSolution
		SolutionGuid = {D698416F-2DD2-44A0-BCC1-EE3CF98248DB}
	EndGlobalSection
EndGlobal
